Microsoft Visual Studio Solution File, Format Version 12.00
# Visual Studio Version 17
VisualStudioVersion = 17.5.2.0
MinimumVisualStudioVersion = 10.0.40219.1
Project("{FAE04EC0-301F-11D3-BF4B-00C04F79EFBC}") = "sreagnet-func", "sreagnet-func.csproj", "{CC80491C-F5D5-AF11-4844-E6C1F48B731C}"
EndProject
Global
	GlobalSection(SolutionConfigurationPlatforms) = preSolution
		Debug|Any CPU = Debug|Any CPU
		Release|Any CPU = Release|Any CPU
	EndGlobalSection
	GlobalSection(ProjectConfigurationPlatforms) = postSolution
		{CC80491C-F5D5-AF11-4844-E6C1F48B731C}.Debug|Any CPU.ActiveCfg = Debug|Any CPU
		{CC80491C-F5D5-AF11-4844-E6C1F48B731C}.Debug|Any CPU.Build.0 = Debug|Any CPU
		{CC80491C-F5D5-AF11-4844-E6C1F48B731C}.Release|Any CPU.ActiveCfg = Release|Any CPU
		{CC80491C-F5D5-AF11-4844-E6C1F48B731C}.Release|Any CPU.Build.0 = Release|Any CPU
	EndGlobalSection
	GlobalSection(SolutionProperties) = preSolution
		HideSolutionNode = FALSE
	EndGlobalSection
	GlobalSection(ExtensibilityGlobals) = postSolution
		SolutionGuid = {20FDE3EF-A009-4619-8533-5C30F9141CB7}
	EndGlobalSection
EndGlobal
